
Microsoft Visual Studio Solution File, Format Version 12.00
# Visual Studio Version 16
VisualStudioVersion = 16.0.31005.135
MinimumVisualStudioVersion = 10.0.40219.1
Project("{FAE04EC0-301F-11D3-BF4B-00C04F79EFBC}") = "Translator-Application", "Translator-Application\Translator-Application.csproj", "{7A37FF6D-3D28-4E8D-A15D-C1EB10F91F2D}"
EndProject
Project("{FAE04EC0-301F-11D3-BF4B-00C04F79EFBC}") = "Translator-Database", "..\Translator-Database\Translator-Database.csproj", "{A5D4598E-56EF-449B-8D95-A6E7ACCB2CAC}"
EndProject
Global
	GlobalSection(SolutionConfigurationPlatforms) = preSolution
		Debug|Any CPU = Debug|Any CPU
		Release|Any CPU = Release|Any CPU
	EndGlobalSection
	GlobalSection(ProjectConfigurationPlatforms) = postSolution
		{7A37FF6D-3D28-4E8D-A15D-C1EB10F91F2D}.Debug|Any CPU.ActiveCfg = Debug|Any CPU
		{7A37FF6D-3D28-4E8D-A15D-C1EB10F91F2D}.Debug|Any CPU.Build.0 = Debug|Any CPU
		{7A37FF6D-3D28-4E8D-A15D-C1EB10F91F2D}.Release|Any CPU.ActiveCfg = Release|Any CPU
		{7A37FF6D-3D28-4E8D-A15D-C1EB10F91F2D}.Release|Any CPU.Build.0 = Release|Any CPU
		{A5D4598E-56EF-449B-8D95-A6E7ACCB2CAC}.Debug|Any CPU.ActiveCfg = Debug|Any CPU
		{A5D4598E-56EF-449B-8D95-A6E7ACCB2CAC}.Debug|Any CPU.Build.0 = Debug|Any CPU
		{A5D4598E-56EF-449B-8D95-A6E7ACCB2CAC}.Release|Any CPU.ActiveCfg = Release|Any CPU
		{A5D4598E-56EF-449B-8D95-A6E7ACCB2CAC}.Release|Any CPU.Build.0 = Release|Any CPU
	EndGlobalSection
	GlobalSection(SolutionProperties) = preSolution
		HideSolutionNode = FALSE
	EndGlobalSection
	GlobalSection(ExtensibilityGlobals) = postSolution
		SolutionGuid = {BD35163D-13F1-4326-9234-B33E119AF29D}
	EndGlobalSection
EndGlobal
